{
  "version": "5",
  "specifiers": {
    "jsr:@nats-io/nats-core@3.4.0": "3.4.0",
    "jsr:@nats-io/nkeys@2.0.3": "2.0.3",
    "jsr:@nats-io/nuid@3.0.0": "3.0.0",
    "jsr:@nats-io/transport-deno@3.4.0": "3.4.0",
    "jsr:@std/assert@~0.218.2": "0.218.2",
    "jsr:@std/bytes@^1.0.5": "1.0.6",
    "jsr:@std/fmt@~0.218.2": "0.218.2",
    "jsr:@std/io@0.225.2": "0.225.2",
    "npm:@duckdb/node-api@1.5.3-r.2": "1.5.3-r.2",
    "npm:tweetnacl@1.0.3": "1.0.3"
  },
  "jsr": {
    "@nats-io/nats-core@3.4.0": {
      "integrity": "55aadb128a34a591a8fb251ab2f525c55e3473958e04bfd057e71bbe6f278c52",
      "dependencies": [
        "jsr:@nats-io/nkeys",
        "jsr:@nats-io/nuid"
      ]
    },
    "@nats-io/nkeys@2.0.3": {
      "integrity": "e92c96eea32b559f2e0f32555b49376942d66c07e59efff9180dbf29e516fbd8",
      "dependencies": [
        "npm:tweetnacl"
      ]
    },
    "@nats-io/nuid@3.0.0": {
      "integrity": "af637fd340e763d48845402f71ffd313808d88beb9abefbaf02037003056a07d"
    },
    "@nats-io/transport-deno@3.4.0": {
      "integrity": "13235bb178853647c01584e5b1f1e59946ffa3157cfc1c7336d70bf3db600575",
      "dependencies": [
        "jsr:@nats-io/nats-core",
        "jsr:@std/io"
      ]
    },
    "@std/assert@0.218.2": {
      "integrity": "7f0a5a1a8cf86607cd6c2c030584096e1ffad27fc9271429a8cb48cfbdee5eaf",
      "dependencies": [
        "jsr:@std/fmt"
      ]
    },
    "@std/bytes@1.0.6": {
      "integrity": "f6ac6adbd8ccd99314045f5703e23af0a68d7f7e58364b47d2c7f408aeb5820a"
    },
    "@std/fmt@0.218.2": {
      "integrity": "99526449d2505aa758b6cbef81e7dd471d8b28ec0dcb1491d122b284c548788a"
    },
    "@std/io@0.225.2": {
      "integrity": "3c740cd4ee4c082e6cfc86458f47e2ab7cb353dc6234d5e9b1f91a2de5f4d6c7",
      "dependencies": [
        "jsr:@std/bytes"
      ]
    }
  },
  "npm": {
    "@duckdb/node-api@1.5.3-r.2": {
      "integrity": "sha512-xjn6W9n8Sn9PaYmzrB6ayidNLQHpqNKdaRz4gx3yVoLUkrsIebQC1M1jV3BR8KqXj5P0RX4wLs8Tg/fK2ZQmNA==",
      "dependencies": [
        "@duckdb/node-bindings"
      ]
    },
    "@duckdb/node-bindings-darwin-arm64@1.5.3-r.2": {
      "integrity": "sha512-5RQ3+fUZn+OvIJEfa1i/KngJHo5d6ilpjunsHfHdQy5F7r5pewDkPxRQno4xInPqGukMibKDoMdpzCKnymFJtw==",
      "os": ["darwin"],
      "cpu": ["arm64"]
    },
    "@duckdb/node-bindings-darwin-x64@1.5.3-r.2": {
      "integrity": "sha512-E7Pc+do8kj82+hHXkp4mxfw9Kqfe6V5FUT2EMoRsacbvhuoM1AeZxOj9jknh23IoNxPtn3S2tKnD1krL0v0I7A==",
      "os": ["darwin"],
      "cpu": ["x64"]
    },
    "@duckdb/node-bindings-linux-arm64-musl@1.5.3-r.2": {
      "integrity": "sha512-P9lTyML8M6pS300fJbnMNFSBhojC0xJcvGvuR44xd//NqaHk9EwcPIs4+r2ek4LP5uugm7konVZ3VMr0BOKujw==",
      "os": ["linux"],
      "cpu": ["arm64"]
    },
    "@duckdb/node-bindings-linux-arm64@1.5.3-r.2": {
      "integrity": "sha512-R8RKkNgVL4kHodot1krfbB4XQ+bA90LPsnN1Lm5J03QJlFgNlezul0H2U1UuvEaKUBPWDQj8g9Yt4hhKKKX0zw==",
      "os": ["linux"],
      "cpu": ["arm64"]
    },
    "@duckdb/node-bindings-linux-x64-musl@1.5.3-r.2": {
      "integrity": "sha512-V9kPvbMoJENvPo82LOzfhZ+KilFe1K8TKrksFmHe1Sy2pduNUVnxC+T4OQuOu4sqyCCVqVYRXe3pqTzKa/hCYg==",
      "os": ["linux"],
      "cpu": ["x64"]
    },
    "@duckdb/node-bindings-linux-x64@1.5.3-r.2": {
      "integrity": "sha512-6vYTXgIqnWEjlNZX/AveTU7EzicuGATOdy8ncUbBIDxoC9cIrjoIqQc37COKEyT5IHjLIt25MllJtags96vvxA==",
      "os": ["linux"],
      "cpu": ["x64"]
    },
    "@duckdb/node-bindings-win32-arm64@1.5.3-r.2": {
      "integrity": "sha512-CjKqTI0WfRxwLgz8FV4fej/wkijPQnRgDk93aQlWQ+/+EwB9EnwQW3yfUy4Rs8cFjQkxkwlL5azoSR973l8U6w==",
      "os": ["win32"],
      "cpu": ["arm64"]
    },
    "@duckdb/node-bindings-win32-x64@1.5.3-r.2": {
      "integrity": "sha512-/oxN8ZFf2LxhForL+Uc+lEqnzHNvhSEsu3blnk3zu73rKTbD/WvPYIecrenb1ysApRK9ElGxitIYFx8PBuVKxg==",
      "os": ["win32"],
      "cpu": ["x64"]
    },
    "@duckdb/node-bindings@1.5.3-r.2": {
      "integrity": "sha512-bveKx+LfqRazcH8/MuCkMsbLVQKqr/EyuYRzaKpBcEvRYenw/TqK5+1N4fkMyoTv8ZukA4UYobymNYHqJUpdOA==",
      "dependencies": [
        "detect-libc"
      ],
      "optionalDependencies": [
        "@duckdb/node-bindings-darwin-arm64",
        "@duckdb/node-bindings-darwin-x64",
        "@duckdb/node-bindings-linux-arm64",
        "@duckdb/node-bindings-linux-arm64-musl",
        "@duckdb/node-bindings-linux-x64",
        "@duckdb/node-bindings-linux-x64-musl",
        "@duckdb/node-bindings-win32-arm64",
        "@duckdb/node-bindings-win32-x64"
      ]
    },
    "detect-libc@2.1.2": {
      "integrity": "sha512-Btj2BOOO83o3WyH59e8MgXsxEQVcarkUOpEYrubB0urwnN10yQ364rsiByU11nZlqWYZm05i/of7io4mzihBtQ=="
    },
    "tweetnacl@1.0.3": {
      "integrity": "sha512-6rt+RN7aOi1nGMyC4Xa5DdYiukl2UWCbcJft7YhxReBGQD7OAM8Pbxw6YMo4r2diNEA8FEmu32YOn9rhaiE5yw=="
    }
  },
  "workspace": {
    "dependencies": [
      "jsr:@nats-io/transport-deno@3.4.0",
      "jsr:@std/assert@~0.218.2",
      "npm:@duckdb/node-api@1.5.3-r.2"
    ]
  }
}
